{
    "name": "lit-html",
    "version": "1.8.1",
    "lockfileVersion": 1,
    "requires": true,
    "dependencies": {
        "@emmetio/extract-abbreviation": {
            "version": "0.1.6",
            "resolved": "https://registry.npmjs.org/@emmetio/extract-abbreviation/-/extract-abbreviation-0.1.6.tgz",
            "integrity": "sha512-Ce3xE2JvTSEbASFbRbA1gAIcMcZWdS2yUYRaQbeM0nbOzaZrUYfa3ePtcriYRZOZmr+CkKA+zbjhvTpIOAYVcw=="
        },
        "jsonc-parser": {
            "version": "1.0.3",
            "resolved": "https://registry.npmjs.org/jsonc-parser/-/jsonc-parser-1.0.3.tgz",
            "integrity": "sha512-hk/69oAeaIzchq/v3lS50PXuzn5O2ynldopMC+SWBql7J2WtdptfB9dy8Y7+Og5rPkTCpn83zTiO8FMcqlXJ/g=="
        },
        "typescript-lit-html-plugin": {
            "version": "0.7.1",
            "resolved": "https://registry.npmjs.org/typescript-lit-html-plugin/-/typescript-lit-html-plugin-0.7.1.tgz",
            "integrity": "sha512-2wnJSAfld4ZgqyQ2o5bz1QB+T+Hy6EH27UP+h6td4ej0XReiaGDYdaTgWvp/aASYSiD+PFQaoZuPMQUUbZ7u1w==",
            "requires": {
                "typescript-styled-plugin": "^0.13.0",
                "typescript-template-language-service-decorator": "^2.1.3",
                "vscode-html-languageservice": "^2.1.10",
                "vscode-languageserver-types": "^3.13.0"
            }
        },
        "typescript-styled-plugin": {
            "version": "0.13.0",
            "resolved": "https://registry.npmjs.org/typescript-styled-plugin/-/typescript-styled-plugin-0.13.0.tgz",
            "integrity": "sha512-GGMzv/JAd4S8mvWgHZslvW2G1HHrdurrp93oSR4h85SM8e5at7+KCqHsZICiTaL+iN25YGkJqoaZe4XklA76rg==",
            "requires": {
                "typescript-template-language-service-decorator": "^2.0.0",
                "vscode-css-languageservice": "^3.0.12",
                "vscode-emmet-helper": "1.2.11",
                "vscode-languageserver-types": "^3.13.0"
            }
        },
        "typescript-template-language-service-decorator": {
            "version": "2.1.3",
            "resolved": "https://registry.npmjs.org/typescript-template-language-service-decorator/-/typescript-template-language-service-decorator-2.1.3.tgz",
            "integrity": "sha512-krTB7yjrskOpBYPqvPnVWkPVjK8HQ/q1fLX+cs+WxIWQm8IC1nm5eATpk+p66NhrPbVyhpSh2m2OQUTDYxMvDA=="
        },
        "vscode-css-languageservice": {
            "version": "3.0.12",
            "resolved": "https://registry.npmjs.org/vscode-css-languageservice/-/vscode-css-languageservice-3.0.12.tgz",
            "integrity": "sha512-+FLQ9LcukIhnxaGTjDOqb3Nb1hesz9BLXf5yeoZxUsuK7joADPLPdxLwlZugFcMAvgmtnaFIGnzkQhGOVqf5yw==",
            "requires": {
                "vscode-languageserver-types": "^3.13.0",
                "vscode-nls": "^4.0.0"
            }
        },
        "vscode-emmet-helper": {
            "version": "1.2.11",
            "resolved": "https://registry.npmjs.org/vscode-emmet-helper/-/vscode-emmet-helper-1.2.11.tgz",
            "integrity": "sha512-ms6/Z9TfNbjXS8r/KgbGxrNrFlu4RcIfVJxTZ2yFi0K4gn+Ka9X1+8cXvb5+5IOBGUrOsPjR0BuefdDkG+CKbQ==",
            "requires": {
                "@emmetio/extract-abbreviation": "0.1.6",
                "jsonc-parser": "^1.0.0",
                "vscode-languageserver-types": "^3.6.0-next.1"
            }
        },
        "vscode-html-languageservice": {
            "version": "2.1.10",
            "resolved": "https://registry.npmjs.org/vscode-html-languageservice/-/vscode-html-languageservice-2.1.10.tgz",
            "integrity": "sha512-nuzLd7a3J+Ttvk/9Pg2H0vS7rV2oZRfsQYPRheHnUNJNqivkcieSI8ZCGvZjmr3NDBG2QQaRFambnCtceYAj3A==",
            "requires": {
                "vscode-languageserver-types": "^3.13.0",
                "vscode-nls": "^4.0.0",
                "vscode-uri": "^1.0.6"
            }
        },
        "vscode-languageserver-types": {
            "version": "3.13.0",
            "resolved": "https://registry.npmjs.org/vscode-languageserver-types/-/vscode-languageserver-types-3.13.0.tgz",
            "integrity": "sha512-BnJIxS+5+8UWiNKCP7W3g9FlE7fErFw0ofP5BXJe7c2tl0VeWh+nNHFbwAS2vmVC4a5kYxHBjRy0UeOtziemVA=="
        },
        "vscode-nls": {
            "version": "4.0.0",
            "resolved": "https://registry.npmjs.org/vscode-nls/-/vscode-nls-4.0.0.tgz",
            "integrity": "sha512-qCfdzcH+0LgQnBpZA53bA32kzp9rpq/f66Som577ObeuDlFIrtbEJ+A/+CCxjIh4G8dpJYNCKIsxpRAHIfsbNw=="
        },
        "vscode-uri": {
            "version": "1.0.6",
            "resolved": "https://registry.npmjs.org/vscode-uri/-/vscode-uri-1.0.6.tgz",
            "integrity": "sha512-sLI2L0uGov3wKVb9EB+vIQBl9tVP90nqRvxSoJ35vI3NjxE8jfsE5DSOhWgSunHSZmKS4OCi2jrtfxK7uyp2ww=="
        }
    }
}
