{
    "name": "lit-html",
    "version": "1.1.0",
    "lockfileVersion": 1,
    "requires": true,
    "dependencies": {
        "typescript-lit-html-plugin": {
            "version": "0.2.0",
            "resolved": "https://registry.npmjs.org/typescript-lit-html-plugin/-/typescript-lit-html-plugin-0.2.0.tgz",
            "integrity": "sha512-o3bhUh6duF39OAZZZSQlXOpwEST3Lxg1zC466pyB/lpCfK0vcpLovba0yZarMx11kzrIj++LC1+w3lWgYhO9Pg==",
            "requires": {
                "typescript-template-language-service-decorator": "1.1.0",
                "vscode-html-languageservice": "2.0.14",
                "vscode-languageserver-types": "3.5.0"
            }
        },
        "typescript-template-language-service-decorator": {
            "version": "1.1.0",
            "resolved": "https://registry.npmjs.org/typescript-template-language-service-decorator/-/typescript-template-language-service-decorator-1.1.0.tgz",
            "integrity": "sha512-+mALyEIQTMskZJErim4wG60tBWmXwk1lyuWqZk5K1/pDC8KmmJdyeJo0Gye49cSY4P7xSsJzARuL481rnwqvbg=="
        },
        "vscode-html-languageservice": {
            "version": "2.0.14",
            "resolved": "https://registry.npmjs.org/vscode-html-languageservice/-/vscode-html-languageservice-2.0.14.tgz",
            "integrity": "sha512-MTnBMj/nOjC8oNjH8CEdXYJRkddWDxfPdvqUftJa0QnSr5K1yZXguV1FApCjUPN4NMJbK0kGXUnFOAMz9Z5OeA==",
            "requires": {
                "vscode-languageserver-types": "3.5.0",
                "vscode-nls": "2.0.2",
                "vscode-uri": "1.0.1"
            }
        },
        "vscode-languageserver-types": {
            "version": "3.5.0",
            "resolved": "https://registry.npmjs.org/vscode-languageserver-types/-/vscode-languageserver-types-3.5.0.tgz",
            "integrity": "sha1-5I15li8LjgLelV4/UkkI4rGcA3Q="
        },
        "vscode-nls": {
            "version": "2.0.2",
            "resolved": "https://registry.npmjs.org/vscode-nls/-/vscode-nls-2.0.2.tgz",
            "integrity": "sha1-gIUiOAhEuK0VNJmvXDsDkhrqAto="
        },
        "vscode-uri": {
            "version": "1.0.1",
            "resolved": "https://registry.npmjs.org/vscode-uri/-/vscode-uri-1.0.1.tgz",
            "integrity": "sha1-Eahr7+rDxKo+wIYjZRo8gabQu8g="
        }
    }
}
